
Microsoft Visual Studio Solution File, Format Version 12.00
# Visual Studio Version 17
VisualStudioVersion = 17.6.33815.320
MinimumVisualStudioVersion = 10.0.40219.1
Project("{8BC9CEB8-8B4A-11D0-8D11-00A0C91BC942}") = "EmoToTextWindow", "EmoToTextWindow\EmoToTextWindow.vcxproj", "{33083BEC-B415-447B-BABF-84E4A9953C20}"
EndProject
Global
	GlobalSection(SolutionConfigurationPlatforms) = preSolution
		Debug|ARM = Debug|ARM
		Debug|ARM64 = Debug|ARM64
		Debug|x64 = Debug|x64
		Debug|x86 = Debug|x86
		Release|ARM = Release|ARM
		Release|ARM64 = Release|ARM64
		Release|x64 = Release|x64
		Release|x86 = Release|x86
	EndGlobalSection
	GlobalSection(ProjectConfigurationPlatforms) = postSolution
		{33083BEC-B415-447B-BABF-84E4A9953C20}.Debug|ARM.ActiveCfg = Debug|x64
		{33083BEC-B415-447B-BABF-84E4A9953C20}.Debug|ARM.Build.0 = Debug|x64
		{33083BEC-B415-447B-BABF-84E4A9953C20}.Debug|ARM64.ActiveCfg = Debug|x64
		{33083BEC-B415-447B-BABF-84E4A9953C20}.Debug|ARM64.Build.0 = Debug|x64
		{33083BEC-B415-447B-BABF-84E4A9953C20}.Debug|x64.ActiveCfg = Debug|x64
		{33083BEC-B415-447B-BABF-84E4A9953C20}.Debug|x64.Build.0 = Debug|x64
		{33083BEC-B415-447B-BABF-84E4A9953C20}.Debug|x86.ActiveCfg = Debug|x64
		{33083BEC-B415-447B-BABF-84E4A9953C20}.Debug|x86.Build.0 = Debug|x64
		{33083BEC-B415-447B-BABF-84E4A9953C20}.Release|ARM.ActiveCfg = Release|x64
		{33083BEC-B415-447B-BABF-84E4A9953C20}.Release|ARM.Build.0 = Release|x64
		{33083BEC-B415-447B-BABF-84E4A9953C20}.Release|ARM64.ActiveCfg = Release|x64
		{33083BEC-B415-447B-BABF-84E4A9953C20}.Release|ARM64.Build.0 = Release|x64
		{33083BEC-B415-447B-BABF-84E4A9953C20}.Release|x64.ActiveCfg = Release|x64
		{33083BEC-B415-447B-BABF-84E4A9953C20}.Release|x64.Build.0 = Release|x64
		{33083BEC-B415-447B-BABF-84E4A9953C20}.Release|x86.ActiveCfg = Release|x64
		{33083BEC-B415-447B-BABF-84E4A9953C20}.Release|x86.Build.0 = Release|x64
	EndGlobalSection
	GlobalSection(SolutionProperties) = preSolution
		HideSolutionNode = FALSE
	EndGlobalSection
	GlobalSection(ExtensibilityGlobals) = postSolution
		SolutionGuid = {6D6E5DAC-79EA-47D2-BBB0-D631857CBA50}
	EndGlobalSection
EndGlobal
